
Microsoft Visual Studio Solution File, Format Version 12.00
Project("{FAE04EC0-301F-11D3-BF4B-00C04F79EFBC}") = "SCP-207-X", "SCP-207-X.csproj", "{A7350BA9-773F-4E20-8104-05B6A81A8781}"
EndProject
Global
	GlobalSection(SolutionConfigurationPlatforms) = preSolution
		Debug|Any CPU = Debug|Any CPU
		Release|Any CPU = Release|Any CPU
	EndGlobalSection
	GlobalSection(ProjectConfigurationPlatforms) = postSolution
		{A7350BA9-773F-4E20-8104-05B6A81A8781}.Debug|Any CPU.ActiveCfg = Debug|Any CPU
		{A7350BA9-773F-4E20-8104-05B6A81A8781}.Debug|Any CPU.Build.0 = Debug|Any CPU
		{A7350BA9-773F-4E20-8104-05B6A81A8781}.Release|Any CPU.ActiveCfg = Release|Any CPU
		{A7350BA9-773F-4E20-8104-05B6A81A8781}.Release|Any CPU.Build.0 = Release|Any CPU
	EndGlobalSection
EndGlobal
